
Microsoft Visual Studio Solution File, Format Version 12.00
# Visual Studio Version 17
VisualStudioVersion = 17.14.36109.1
MinimumVisualStudioVersion = 10.0.40219.1
Project("{FAE04EC0-301F-11D3-BF4B-00C04F79EFBC}") = "WebApplication2", "WebApplication2\WebApplication2.csproj", "{A2B4AA8D-AE8F-4996-9798-7CE76F832047}"
EndProject
Project("{FAE04EC0-301F-11D3-BF4B-00C04F79EFBC}") = "DGRBWepAPI", "DGRBWepAPI\DGRBWepAPI.csproj", "{D8939444-003C-4C2C-AA63-8724EC31E54A}"
EndProject
Project("{FAE04EC0-301F-11D3-BF4B-00C04F79EFBC}") = "DGRBDTO", "DGRBDTO\DGRBDTO.csproj", "{4007B833-BA89-4068-920F-4FD5E2F3F612}"
EndProject
Project("{FAE04EC0-301F-11D3-BF4B-00C04F79EFBC}") = "DBConnect", "DBConnect\DBConnect.csproj", "{4BDF0772-600B-17F9-521B-A943F8AEA57D}"
EndProject
Project("{FAE04EC0-301F-11D3-BF4B-00C04F79EFBC}") = "KeyGen", "KeyGen\KeyGen.csproj", "{770050E0-C075-4869-BBBA-B40CFBCECF77}"
EndProject
Global
	GlobalSection(SolutionConfigurationPlatforms) = preSolution
		Debug|Any CPU = Debug|Any CPU
		Release|Any CPU = Release|Any CPU
	EndGlobalSection
	GlobalSection(ProjectConfigurationPlatforms) = postSolution
		{A2B4AA8D-AE8F-4996-9798-7CE76F832047}.Debug|Any CPU.ActiveCfg = Debug|Any CPU
		{A2B4AA8D-AE8F-4996-9798-7CE76F832047}.Debug|Any CPU.Build.0 = Debug|Any CPU
		{A2B4AA8D-AE8F-4996-9798-7CE76F832047}.Release|Any CPU.ActiveCfg = Release|Any CPU
		{A2B4AA8D-AE8F-4996-9798-7CE76F832047}.Release|Any CPU.Build.0 = Release|Any CPU
		{D8939444-003C-4C2C-AA63-8724EC31E54A}.Debug|Any CPU.ActiveCfg = Debug|Any CPU
		{D8939444-003C-4C2C-AA63-8724EC31E54A}.Debug|Any CPU.Build.0 = Debug|Any CPU
		{D8939444-003C-4C2C-AA63-8724EC31E54A}.Release|Any CPU.ActiveCfg = Release|Any CPU
		{D8939444-003C-4C2C-AA63-8724EC31E54A}.Release|Any CPU.Build.0 = Release|Any CPU
		{4007B833-BA89-4068-920F-4FD5E2F3F612}.Debug|Any CPU.ActiveCfg = Debug|Any CPU
		{4007B833-BA89-4068-920F-4FD5E2F3F612}.Debug|Any CPU.Build.0 = Debug|Any CPU
		{4007B833-BA89-4068-920F-4FD5E2F3F612}.Release|Any CPU.ActiveCfg = Release|Any CPU
		{4007B833-BA89-4068-920F-4FD5E2F3F612}.Release|Any CPU.Build.0 = Release|Any CPU
		{4BDF0772-600B-17F9-521B-A943F8AEA57D}.Debug|Any CPU.ActiveCfg = Debug|Any CPU
		{4BDF0772-600B-17F9-521B-A943F8AEA57D}.Debug|Any CPU.Build.0 = Debug|Any CPU
		{4BDF0772-600B-17F9-521B-A943F8AEA57D}.Release|Any CPU.ActiveCfg = Release|Any CPU
		{4BDF0772-600B-17F9-521B-A943F8AEA57D}.Release|Any CPU.Build.0 = Release|Any CPU
		{770050E0-C075-4869-BBBA-B40CFBCECF77}.Debug|Any CPU.ActiveCfg = Debug|Any CPU
		{770050E0-C075-4869-BBBA-B40CFBCECF77}.Debug|Any CPU.Build.0 = Debug|Any CPU
		{770050E0-C075-4869-BBBA-B40CFBCECF77}.Release|Any CPU.ActiveCfg = Release|Any CPU
		{770050E0-C075-4869-BBBA-B40CFBCECF77}.Release|Any CPU.Build.0 = Release|Any CPU
	EndGlobalSection
	GlobalSection(SolutionProperties) = preSolution
		HideSolutionNode = FALSE
	EndGlobalSection
	GlobalSection(ExtensibilityGlobals) = postSolution
		SolutionGuid = {E028DEDF-0D65-4EA3-AE77-1338DCABBD78}
	EndGlobalSection
EndGlobal
